
Microsoft Visual Studio Solution File, Format Version 12.00
Project("{FAE04EC0-301F-11D3-BF4B-00C04F79EFBC}") = "Day26", "Day26\Day26.csproj", "{FC29B194-AA16-446D-BCD2-13D2B2A7AE56}"
EndProject
Global
	GlobalSection(SolutionConfigurationPlatforms) = preSolution
		Debug|Any CPU = Debug|Any CPU
		Release|Any CPU = Release|Any CPU
	EndGlobalSection
	GlobalSection(ProjectConfigurationPlatforms) = postSolution
		{FC29B194-AA16-446D-BCD2-13D2B2A7AE56}.Debug|Any CPU.ActiveCfg = Debug|Any CPU
		{FC29B194-AA16-446D-BCD2-13D2B2A7AE56}.Debug|Any CPU.Build.0 = Debug|Any CPU
		{FC29B194-AA16-446D-BCD2-13D2B2A7AE56}.Release|Any CPU.ActiveCfg = Release|Any CPU
		{FC29B194-AA16-446D-BCD2-13D2B2A7AE56}.Release|Any CPU.Build.0 = Release|Any CPU
	EndGlobalSection
EndGlobal
