
Microsoft Visual Studio Solution File, Format Version 12.00
# Visual Studio Version 16
VisualStudioVersion = 16.0.31105.61
MinimumVisualStudioVersion = 10.0.40219.1
Project("{FAE04EC0-301F-11D3-BF4B-00C04F79EFBC}") = "Day13", "Day13\Day13.csproj", "{25CA70F4-52C3-4BCA-8538-64DB4E598310}"
EndProject
Global
	GlobalSection(SolutionConfigurationPlatforms) = preSolution
		Debug|Any CPU = Debug|Any CPU
		Release|Any CPU = Release|Any CPU
	EndGlobalSection
	GlobalSection(ProjectConfigurationPlatforms) = postSolution
		{25CA70F4-52C3-4BCA-8538-64DB4E598310}.Debug|Any CPU.ActiveCfg = Debug|Any CPU
		{25CA70F4-52C3-4BCA-8538-64DB4E598310}.Debug|Any CPU.Build.0 = Debug|Any CPU
		{25CA70F4-52C3-4BCA-8538-64DB4E598310}.Release|Any CPU.ActiveCfg = Release|Any CPU
		{25CA70F4-52C3-4BCA-8538-64DB4E598310}.Release|Any CPU.Build.0 = Release|Any CPU
	EndGlobalSection
	GlobalSection(SolutionProperties) = preSolution
		HideSolutionNode = FALSE
	EndGlobalSection
	GlobalSection(ExtensibilityGlobals) = postSolution
		SolutionGuid = {66A1AA89-63A4-40C5-909E-A72FE50DA100}
	EndGlobalSection
EndGlobal
