
Microsoft Visual Studio Solution File, Format Version 12.00
Project("{FAE04EC0-301F-11D3-BF4B-00C04F79EFBC}") = "Day22", "Day22\Day22.csproj", "{242B3C32-838C-4B4F-AF19-4CE67BBA799E}"
EndProject
Global
	GlobalSection(SolutionConfigurationPlatforms) = preSolution
		Debug|Any CPU = Debug|Any CPU
		Release|Any CPU = Release|Any CPU
	EndGlobalSection
	GlobalSection(ProjectConfigurationPlatforms) = postSolution
		{242B3C32-838C-4B4F-AF19-4CE67BBA799E}.Debug|Any CPU.ActiveCfg = Debug|Any CPU
		{242B3C32-838C-4B4F-AF19-4CE67BBA799E}.Debug|Any CPU.Build.0 = Debug|Any CPU
		{242B3C32-838C-4B4F-AF19-4CE67BBA799E}.Release|Any CPU.ActiveCfg = Release|Any CPU
		{242B3C32-838C-4B4F-AF19-4CE67BBA799E}.Release|Any CPU.Build.0 = Release|Any CPU
	EndGlobalSection
EndGlobal
