
Microsoft Visual Studio Solution File, Format Version 12.00
Project("{FAE04EC0-301F-11D3-BF4B-00C04F79EFBC}") = "Day29", "Day29\Day29.csproj", "{6AB4884F-053F-427B-B3AD-4EAD0A740067}"
EndProject
Global
	GlobalSection(SolutionConfigurationPlatforms) = preSolution
		Debug|Any CPU = Debug|Any CPU
		Release|Any CPU = Release|Any CPU
	EndGlobalSection
	GlobalSection(ProjectConfigurationPlatforms) = postSolution
		{6AB4884F-053F-427B-B3AD-4EAD0A740067}.Debug|Any CPU.ActiveCfg = Debug|Any CPU
		{6AB4884F-053F-427B-B3AD-4EAD0A740067}.Debug|Any CPU.Build.0 = Debug|Any CPU
		{6AB4884F-053F-427B-B3AD-4EAD0A740067}.Release|Any CPU.ActiveCfg = Release|Any CPU
		{6AB4884F-053F-427B-B3AD-4EAD0A740067}.Release|Any CPU.Build.0 = Release|Any CPU
	EndGlobalSection
EndGlobal
