
Microsoft Visual Studio Solution File, Format Version 12.00
Project("{FAE04EC0-301F-11D3-BF4B-00C04F79EFBC}") = "Day 1 - Hello World", "Day 1 - Hello World\Day 1 - Hello World.csproj", "{EC98BADF-4470-479B-98E1-7E58D07CDBB2}"
EndProject
Global
	GlobalSection(SolutionConfigurationPlatforms) = preSolution
		Debug|Any CPU = Debug|Any CPU
		Release|Any CPU = Release|Any CPU
	EndGlobalSection
	GlobalSection(ProjectConfigurationPlatforms) = postSolution
		{EC98BADF-4470-479B-98E1-7E58D07CDBB2}.Debug|Any CPU.ActiveCfg = Debug|Any CPU
		{EC98BADF-4470-479B-98E1-7E58D07CDBB2}.Debug|Any CPU.Build.0 = Debug|Any CPU
		{EC98BADF-4470-479B-98E1-7E58D07CDBB2}.Release|Any CPU.ActiveCfg = Release|Any CPU
		{EC98BADF-4470-479B-98E1-7E58D07CDBB2}.Release|Any CPU.Build.0 = Release|Any CPU
	EndGlobalSection
EndGlobal
