
Microsoft Visual Studio Solution File, Format Version 12.00
# Visual Studio Version 16
VisualStudioVersion = 16.0.31105.61
MinimumVisualStudioVersion = 10.0.40219.1
Project("{FAE04EC0-301F-11D3-BF4B-00C04F79EFBC}") = "day10", "day10\day10.csproj", "{129449B3-6E0A-4A4F-B79B-A41099309380}"
EndProject
Global
	GlobalSection(SolutionConfigurationPlatforms) = preSolution
		Debug|Any CPU = Debug|Any CPU
		Release|Any CPU = Release|Any CPU
	EndGlobalSection
	GlobalSection(ProjectConfigurationPlatforms) = postSolution
		{129449B3-6E0A-4A4F-B79B-A41099309380}.Debug|Any CPU.ActiveCfg = Debug|Any CPU
		{129449B3-6E0A-4A4F-B79B-A41099309380}.Debug|Any CPU.Build.0 = Debug|Any CPU
		{129449B3-6E0A-4A4F-B79B-A41099309380}.Release|Any CPU.ActiveCfg = Release|Any CPU
		{129449B3-6E0A-4A4F-B79B-A41099309380}.Release|Any CPU.Build.0 = Release|Any CPU
	EndGlobalSection
	GlobalSection(SolutionProperties) = preSolution
		HideSolutionNode = FALSE
	EndGlobalSection
	GlobalSection(ExtensibilityGlobals) = postSolution
		SolutionGuid = {A94E75DE-B640-40BD-905A-81D4E2BB963E}
	EndGlobalSection
EndGlobal
